
Microsoft Visual Studio Solution File, Format Version 12.00
# Visual Studio 15
VisualStudioVersion = 15.0.27703.2026
MinimumVisualStudioVersion = 10.0.40219.1
Project("{8BC9CEB8-8B4A-11D0-8D11-00A0C91BC942}") = "TowerDefenceGame", "TowerDefenceGame.vcxproj", "{DFC36690-D18F-4018-AA16-5A3EF1AE8E7F}"
EndProject
Global
	GlobalSection(SolutionConfigurationPlatforms) = preSolution
		Debug|x64 = Debug|x64
		Debug|x86 = Debug|x86
		Release|x64 = Release|x64
		Release|x86 = Release|x86
	EndGlobalSection
	GlobalSection(ProjectConfigurationPlatforms) = postSolution
		{DFC36690-D18F-4018-AA16-5A3EF1AE8E7F}.Debug|x64.ActiveCfg = Debug|x64
		{DFC36690-D18F-4018-AA16-5A3EF1AE8E7F}.Debug|x64.Build.0 = Debug|x64
		{DFC36690-D18F-4018-AA16-5A3EF1AE8E7F}.Debug|x86.ActiveCfg = Debug|Win32
		{DFC36690-D18F-4018-AA16-5A3EF1AE8E7F}.Debug|x86.Build.0 = Debug|Win32
		{DFC36690-D18F-4018-AA16-5A3EF1AE8E7F}.Release|x64.ActiveCfg = Release|x64
		{DFC36690-D18F-4018-AA16-5A3EF1AE8E7F}.Release|x64.Build.0 = Release|x64
		{DFC36690-D18F-4018-AA16-5A3EF1AE8E7F}.Release|x86.ActiveCfg = Release|Win32
		{DFC36690-D18F-4018-AA16-5A3EF1AE8E7F}.Release|x86.Build.0 = Release|Win32
	EndGlobalSection
	GlobalSection(SolutionProperties) = preSolution
		HideSolutionNode = FALSE
	EndGlobalSection
	GlobalSection(ExtensibilityGlobals) = postSolution
		SolutionGuid = {94B183CB-DC6E-480E-A8FA-489B91171AF8}
	EndGlobalSection
EndGlobal
